{
  "name": "super-vision-xr",
  "version": "1.0.0",
  "lockfileVersion": 3,
  "requires": true,
  "packages": {
    "": {
      "name": "super-vision-xr",
      "version": "1.0.0",
      "license": "ISC",
      "dependencies": {
        "babylonjs": "^5.57.0"
      }
    },
    "node_modules/babylonjs": {
      "version": "5.57.0",
      "resolved": "https://registry.npmjs.org/babylonjs/-/babylonjs-5.57.0.tgz",
      "integrity": "sha512-8KBZLI9Sd/IG4KzdQ34vSkZENIZLPqv5aT17xv8bhjhts/WEok0q7JsTosiTHo3ta3O5c0T/SWT+wyu/lRF/ig==",
      "hasInstallScript": true
    }
  }
}
